
Microsoft Visual Studio Solution File, Format Version 12.00
# Visual Studio 15
VisualStudioVersion = 15.0.27428.2027
MinimumVisualStudioVersion = 10.0.40219.1
Project("{FAE04EC0-301F-11D3-BF4B-00C04F79EFBC}") = "JoesWebApplication", "JoesWebApplication\JoesWebApplication.csproj", "{DCAD5EF9-B090-4005-8F33-C4C8C994A16E}"
EndProject
Global
	GlobalSection(SolutionConfigurationPlatforms) = preSolution
		Debug|Any CPU = Debug|Any CPU
		Release|Any CPU = Release|Any CPU
	EndGlobalSection
	GlobalSection(ProjectConfigurationPlatforms) = postSolution
		{DCAD5EF9-B090-4005-8F33-C4C8C994A16E}.Debug|Any CPU.ActiveCfg = Debug|Any CPU
		{DCAD5EF9-B090-4005-8F33-C4C8C994A16E}.Debug|Any CPU.Build.0 = Debug|Any CPU
		{DCAD5EF9-B090-4005-8F33-C4C8C994A16E}.Release|Any CPU.ActiveCfg = Release|Any CPU
		{DCAD5EF9-B090-4005-8F33-C4C8C994A16E}.Release|Any CPU.Build.0 = Release|Any CPU
	EndGlobalSection
	GlobalSection(SolutionProperties) = preSolution
		HideSolutionNode = FALSE
	EndGlobalSection
	GlobalSection(ExtensibilityGlobals) = postSolution
		SolutionGuid = {7BF5025C-4AAB-478D-AF90-B82FCDA6AAF4}
	EndGlobalSection
EndGlobal
