
Microsoft Visual Studio Solution File, Format Version 12.00
# Visual Studio 15
VisualStudioVersion = 15.0.27428.2037
MinimumVisualStudioVersion = 10.0.40219.1
Project("{FAE04EC0-301F-11D3-BF4B-00C04F79EFBC}") = "EjemploDePrueba", "EjemploDePrueba\EjemploDePrueba.csproj", "{F1EC21C1-612E-4B5C-8832-C68D78EE2074}"
EndProject
Global
	GlobalSection(SolutionConfigurationPlatforms) = preSolution
		Debug|Any CPU = Debug|Any CPU
		Release|Any CPU = Release|Any CPU
	EndGlobalSection
	GlobalSection(ProjectConfigurationPlatforms) = postSolution
		{F1EC21C1-612E-4B5C-8832-C68D78EE2074}.Debug|Any CPU.ActiveCfg = Debug|Any CPU
		{F1EC21C1-612E-4B5C-8832-C68D78EE2074}.Debug|Any CPU.Build.0 = Debug|Any CPU
		{F1EC21C1-612E-4B5C-8832-C68D78EE2074}.Release|Any CPU.ActiveCfg = Release|Any CPU
		{F1EC21C1-612E-4B5C-8832-C68D78EE2074}.Release|Any CPU.Build.0 = Release|Any CPU
	EndGlobalSection
	GlobalSection(SolutionProperties) = preSolution
		HideSolutionNode = FALSE
	EndGlobalSection
	GlobalSection(ExtensibilityGlobals) = postSolution
		SolutionGuid = {0A588A5D-91E2-463C-AF5E-F691163CF76C}
	EndGlobalSection
EndGlobal
