
Microsoft Visual Studio Solution File, Format Version 12.00
# Visual Studio 15
VisualStudioVersion = 15.0.27428.2037
MinimumVisualStudioVersion = 10.0.40219.1
Project("{FAE04EC0-301F-11D3-BF4B-00C04F79EFBC}") = "TestServicios", "TestServicios\TestServicios.csproj", "{660BD572-8FE5-4434-9F82-07E67007265F}"
EndProject
Global
	GlobalSection(SolutionConfigurationPlatforms) = preSolution
		Debug|Any CPU = Debug|Any CPU
		Release|Any CPU = Release|Any CPU
	EndGlobalSection
	GlobalSection(ProjectConfigurationPlatforms) = postSolution
		{660BD572-8FE5-4434-9F82-07E67007265F}.Debug|Any CPU.ActiveCfg = Debug|Any CPU
		{660BD572-8FE5-4434-9F82-07E67007265F}.Debug|Any CPU.Build.0 = Debug|Any CPU
		{660BD572-8FE5-4434-9F82-07E67007265F}.Release|Any CPU.ActiveCfg = Release|Any CPU
		{660BD572-8FE5-4434-9F82-07E67007265F}.Release|Any CPU.Build.0 = Release|Any CPU
	EndGlobalSection
	GlobalSection(SolutionProperties) = preSolution
		HideSolutionNode = FALSE
	EndGlobalSection
	GlobalSection(ExtensibilityGlobals) = postSolution
		SolutionGuid = {FC73AAA9-7483-4099-ABBF-3935E1B64562}
	EndGlobalSection
EndGlobal
