
Microsoft Visual Studio Solution File, Format Version 12.00
# Visual Studio 15
VisualStudioVersion = 15.0.27428.2037
MinimumVisualStudioVersion = 10.0.40219.1
Project("{FAE04EC0-301F-11D3-BF4B-00C04F79EFBC}") = "PruebaDesarrollo", "PruebaDesarrollo\PruebaDesarrollo.csproj", "{D6670BD1-053B-4B76-93A2-F50D11E8EE05}"
EndProject
Project("{FAE04EC0-301F-11D3-BF4B-00C04F79EFBC}") = "Datos", "Datos\Datos.csproj", "{C1094BE2-BF63-4279-8C55-AA03E3BCB2AD}"
EndProject
Project("{FAE04EC0-301F-11D3-BF4B-00C04F79EFBC}") = "Logica", "Logica\Logica.csproj", "{CF80587C-9B18-4E7F-BB42-A0DC153F5601}"
EndProject
Project("{FAE04EC0-301F-11D3-BF4B-00C04F79EFBC}") = "DatosMainSoft", "DatosMainSoft\DatosMainSoft.csproj", "{9DEE602B-D546-4B08-B542-756BEB20D733}"
EndProject
Project("{FAE04EC0-301F-11D3-BF4B-00C04F79EFBC}") = "Entities", "Entities\Entities.csproj", "{87A0F4C0-5BFE-4906-B5E7-BB604EC1E6D0}"
EndProject
Global
	GlobalSection(SolutionConfigurationPlatforms) = preSolution
		Debug|Any CPU = Debug|Any CPU
		Release|Any CPU = Release|Any CPU
	EndGlobalSection
	GlobalSection(ProjectConfigurationPlatforms) = postSolution
		{D6670BD1-053B-4B76-93A2-F50D11E8EE05}.Debug|Any CPU.ActiveCfg = Debug|Any CPU
		{D6670BD1-053B-4B76-93A2-F50D11E8EE05}.Debug|Any CPU.Build.0 = Debug|Any CPU
		{D6670BD1-053B-4B76-93A2-F50D11E8EE05}.Release|Any CPU.ActiveCfg = Release|Any CPU
		{D6670BD1-053B-4B76-93A2-F50D11E8EE05}.Release|Any CPU.Build.0 = Release|Any CPU
		{C1094BE2-BF63-4279-8C55-AA03E3BCB2AD}.Debug|Any CPU.ActiveCfg = Debug|Any CPU
		{C1094BE2-BF63-4279-8C55-AA03E3BCB2AD}.Debug|Any CPU.Build.0 = Debug|Any CPU
		{C1094BE2-BF63-4279-8C55-AA03E3BCB2AD}.Release|Any CPU.ActiveCfg = Release|Any CPU
		{C1094BE2-BF63-4279-8C55-AA03E3BCB2AD}.Release|Any CPU.Build.0 = Release|Any CPU
		{CF80587C-9B18-4E7F-BB42-A0DC153F5601}.Debug|Any CPU.ActiveCfg = Debug|Any CPU
		{CF80587C-9B18-4E7F-BB42-A0DC153F5601}.Debug|Any CPU.Build.0 = Debug|Any CPU
		{CF80587C-9B18-4E7F-BB42-A0DC153F5601}.Release|Any CPU.ActiveCfg = Release|Any CPU
		{CF80587C-9B18-4E7F-BB42-A0DC153F5601}.Release|Any CPU.Build.0 = Release|Any CPU
		{9DEE602B-D546-4B08-B542-756BEB20D733}.Debug|Any CPU.ActiveCfg = Debug|Any CPU
		{9DEE602B-D546-4B08-B542-756BEB20D733}.Debug|Any CPU.Build.0 = Debug|Any CPU
		{9DEE602B-D546-4B08-B542-756BEB20D733}.Release|Any CPU.ActiveCfg = Release|Any CPU
		{9DEE602B-D546-4B08-B542-756BEB20D733}.Release|Any CPU.Build.0 = Release|Any CPU
		{87A0F4C0-5BFE-4906-B5E7-BB604EC1E6D0}.Debug|Any CPU.ActiveCfg = Debug|Any CPU
		{87A0F4C0-5BFE-4906-B5E7-BB604EC1E6D0}.Debug|Any CPU.Build.0 = Debug|Any CPU
		{87A0F4C0-5BFE-4906-B5E7-BB604EC1E6D0}.Release|Any CPU.ActiveCfg = Release|Any CPU
		{87A0F4C0-5BFE-4906-B5E7-BB604EC1E6D0}.Release|Any CPU.Build.0 = Release|Any CPU
	EndGlobalSection
	GlobalSection(SolutionProperties) = preSolution
		HideSolutionNode = FALSE
	EndGlobalSection
	GlobalSection(ExtensibilityGlobals) = postSolution
		SolutionGuid = {E578F41B-84D4-4C75-9E97-97780E57EEFB}
	EndGlobalSection
EndGlobal
